// !$*UTF8*$!
{
	archiveVersion = 1;
	classes = {
	};
	objectVersion = 77;
	objects = {

/* Begin PBXContainerItemProxy section */
		978FAF8B2DDFF4F9009AD617 /* PBXContainerItemProxy */ = {
			isa = PBXContainerItemProxy;
			containerPortal = 978FAF6C2DDFF4F6009AD617 /* Project object */;
			proxyType = 1;
			remoteGlobalIDString = 978FAF732DDFF4F6009AD617;
			remoteInfo = ProgrammingStart;
		};
		978FAF952DDFF4F9009AD617 /* PBXContainerItemProxy */ = {
			isa = PBXContainerItemProxy;
			containerPortal = 978FAF6C2DDFF4F6009AD617 /* Project object */;
			proxyType = 1;
			remoteGlobalIDString = 978FAF732DDFF4F6009AD617;
			remoteInfo = ProgrammingStart;
		};
/* End PBXContainerItemProxy section */

/* Begin PBXFileReference section */
		978FAF742DDFF4F6009AD617 /* ProgrammingStart.app */ = {isa = PBXFileReference; explicitFileType = wrapper.application; includeInIndex = 0; path = ProgrammingStart.app; sourceTree = BUILT_PRODUCTS_DIR; };
		978FAF8A2DDFF4F9009AD617 /* ProgrammingStartTests.xctest */ = {isa = PBXFileReference; explicitFileType = wrapper.cfbundle; includeInIndex = 0; path = ProgrammingStartTests.xctest; sourceTree = BUILT_PRODUCTS_DIR; };
		978FAF942DDFF4F9009AD617 /* ProgrammingStartUITests.xctest */ = {isa = PBXFileReference; explicitFileType = wrapper.cfbundle; includeInIndex = 0; path = ProgrammingStartUITests.xctest; sourceTree = BUILT_PRODUCTS_DIR; };
/* End PBXFileReference section */

/* Begin PBXFileSystemSynchronizedBuildFileExceptionSet section */
		978FAF9C2DDFF4F9009AD617 /* Exceptions for "ProgrammingStart" folder in "ProgrammingStart" target */ = {
			isa = PBXFileSystemSynchronizedBuildFileExceptionSet;
			membershipExceptions = (
				Info.plist,
			);
			target = 978FAF732DDFF4F6009AD617 /* ProgrammingStart */;
		};
/* End PBXFileSystemSynchronizedBuildFileExceptionSet section */

/* Begin PBXFileSystemSynchronizedRootGroup section */
		978FAF762DDFF4F6009AD617 /* ProgrammingStart */ = {
			isa = PBXFileSystemSynchronizedRootGroup;
			exceptions = (
				978FAF9C2DDFF4F9009AD617 /* Exceptions for "ProgrammingStart" folder in "ProgrammingStart" target */,
			);
			path = ProgrammingStart;
			sourceTree = "<group>";
		};
		978FAF8D2DDFF4F9009AD617 /* ProgrammingStartTests */ = {
			isa = PBXFileSystemSynchronizedRootGroup;
			path = ProgrammingStartTests;
			sourceTree = "<group>";
		};
		978FAF972DDFF4F9009AD617 /* ProgrammingStartUITests */ = {
			isa = PBXFileSystemSynchronizedRootGroup;
			path = ProgrammingStartUITests;
			sourceTree = "<group>";
		};
/* End PBXFileSystemSynchronizedRootGroup section */

/* Begin PBXFrameworksBuildPhase section */
		978FAF712DDFF4F6009AD617 /* Frameworks */ = {
			isa = PBXFrameworksBuildPhase;
			buildActionMask = 2147483647;
			files = (
			);
			runOnlyForDeploymentPostprocessing = 0;
		};
		978FAF872DDFF4F9009AD617 /* Frameworks */ = {
			isa = PBXFrameworksBuildPhase;
			buildActionMask = 2147483647;
			files = (
			);
			runOnlyForDeploymentPostprocessing = 0;
		};
		978FAF912DDFF4F9009AD617 /* Frameworks */ = {
			isa = PBXFrameworksBuildPhase;
			buildActionMask = 2147483647;
			files = (
			);
			runOnlyForDeploymentPostprocessing = 0;
		};
/* End PBXFrameworksBuildPhase section */

/* Begin PBXGroup section */
		978FAF6B2DDFF4F6009AD617 = {
			isa = PBXGroup;
			children = (
				978FAF762DDFF4F6009AD617 /* ProgrammingStart */,
				978FAF8D2DDFF4F9009AD617 /* ProgrammingStartTests */,
				978FAF972DDFF4F9009AD617 /* ProgrammingStartUITests */,
				978FAF752DDFF4F6009AD617 /* Products */,
			);
			sourceTree = "<group>";
		};
		978FAF752DDFF4F6009AD617 /* Products */ = {
			isa = PBXGroup;
			children = (
				978FAF742DDFF4F6009AD617 /* ProgrammingStart.app */,
				978FAF8A2DDFF4F9009AD617 /* ProgrammingStartTests.xctest */,
				978FAF942DDFF4F9009AD617 /* ProgrammingStartUITests.xctest */,
			);
			name = Products;
			sourceTree = "<group>";
		};
/* End PBXGroup section */

/* Begin PBXNativeTarget section */
		978FAF732DDFF4F6009AD617 /* ProgrammingStart */ = {
			isa = PBXNativeTarget;
			buildConfigurationList = 978FAF9D2DDFF4F9009AD617 /* Build configuration list for PBXNativeTarget "ProgrammingStart" */;
			buildPhases = (
				978FAF702DDFF4F6009AD617 /* Sources */,
				978FAF712DDFF4F6009AD617 /* Frameworks */,
				978FAF722DDFF4F6009AD617 /* Resources */,
				978FAFEA2DE2C384009AD617 /* Run Script */,
			);
			buildRules = (
			);
			dependencies = (
			);
			fileSystemSynchronizedGroups = (
				978FAF762DDFF4F6009AD617 /* ProgrammingStart */,
			);
			name = ProgrammingStart;
			packageProductDependencies = (
			);
			productName = ProgrammingStart;
			productReference = 978FAF742DDFF4F6009AD617 /* ProgrammingStart.app */;
			productType = "com.apple.product-type.application";
		};
		978FAF892DDFF4F9009AD617 /* ProgrammingStartTests */ = {
			isa = PBXNativeTarget;
			buildConfigurationList = 978FAFA22DDFF4F9009AD617 /* Build configuration list for PBXNativeTarget "ProgrammingStartTests" */;
			buildPhases = (
				978FAF862DDFF4F9009AD617 /* Sources */,
				978FAF872DDFF4F9009AD617 /* Frameworks */,
				978FAF882DDFF4F9009AD617 /* Resources */,
			);
			buildRules = (
			);
			dependencies = (
				978FAF8C2DDFF4F9009AD617 /* PBXTargetDependency */,
			);
			fileSystemSynchronizedGroups = (
				978FAF8D2DDFF4F9009AD617 /* ProgrammingStartTests */,
			);
			name = ProgrammingStartTests;
			packageProductDependencies = (
			);
			productName = ProgrammingStartTests;
			productReference = 978FAF8A2DDFF4F9009AD617 /* ProgrammingStartTests.xctest */;
			productType = "com.apple.product-type.bundle.unit-test";
		};
		978FAF932DDFF4F9009AD617 /* ProgrammingStartUITests */ = {
			isa = PBXNativeTarget;
			buildConfigurationList = 978FAFA52DDFF4F9009AD617 /* Build configuration list for PBXNativeTarget "ProgrammingStartUITests" */;
			buildPhases = (
				978FAF902DDFF4F9009AD617 /* Sources */,
				978FAF912DDFF4F9009AD617 /* Frameworks */,
				978FAF922DDFF4F9009AD617 /* Resources */,
			);
			buildRules = (
			);
			dependencies = (
				978FAF962DDFF4F9009AD617 /* PBXTargetDependency */,
			);
			fileSystemSynchronizedGroups = (
				978FAF972DDFF4F9009AD617 /* ProgrammingStartUITests */,
			);
			name = ProgrammingStartUITests;
			packageProductDependencies = (
			);
			productName = ProgrammingStartUITests;
			productReference = 978FAF942DDFF4F9009AD617 /* ProgrammingStartUITests.xctest */;
			productType = "com.apple.product-type.bundle.ui-testing";
		};
/* End PBXNativeTarget section */

/* Begin PBXProject section */
		978FAF6C2DDFF4F6009AD617 /* Project object */ = {
			isa = PBXProject;
			attributes = {
				BuildIndependentTargetsInParallel = 1;
				LastSwiftUpdateCheck = 1620;
				LastUpgradeCheck = 1620;
				TargetAttributes = {
					978FAF732DDFF4F6009AD617 = {
						CreatedOnToolsVersion = 16.2;
					};
					978FAF892DDFF4F9009AD617 = {
						CreatedOnToolsVersion = 16.2;
						TestTargetID = 978FAF732DDFF4F6009AD617;
					};
					978FAF932DDFF4F9009AD617 = {
						CreatedOnToolsVersion = 16.2;
						TestTargetID = 978FAF732DDFF4F6009AD617;
					};
				};
			};
			buildConfigurationList = 978FAF6F2DDFF4F6009AD617 /* Build configuration list for PBXProject "ProgrammingStart" */;
			developmentRegion = en;
			hasScannedForEncodings = 0;
			knownRegions = (
				en,
				Base,
			);
			mainGroup = 978FAF6B2DDFF4F6009AD617;
			minimizedProjectReferenceProxies = 1;
			preferredProjectObjectVersion = 77;
			productRefGroup = 978FAF752DDFF4F6009AD617 /* Products */;
			projectDirPath = "";
			projectRoot = "";
			targets = (
				978FAF732DDFF4F6009AD617 /* ProgrammingStart */,
				978FAF892DDFF4F9009AD617 /* ProgrammingStartTests */,
				978FAF932DDFF4F9009AD617 /* ProgrammingStartUITests */,
			);
		};
/* End PBXProject section */

/* Begin PBXResourcesBuildPhase section */
		978FAF722DDFF4F6009AD617 /* Resources */ = {
			isa = PBXResourcesBuildPhase;
			buildActionMask = 2147483647;
			files = (
			);
			runOnlyForDeploymentPostprocessing = 0;
		};
		978FAF882DDFF4F9009AD617 /* Resources */ = {
			isa = PBXResourcesBuildPhase;
			buildActionMask = 2147483647;
			files = (
			);
			runOnlyForDeploymentPostprocessing = 0;
		};
		978FAF922DDFF4F9009AD617 /* Resources */ = {
			isa = PBXResourcesBuildPhase;
			buildActionMask = 2147483647;
			files = (
			);
			runOnlyForDeploymentPostprocessing = 0;
		};
/* End PBXResourcesBuildPhase section */

/* Begin PBXShellScriptBuildPhase section */
		978FAFEA2DE2C384009AD617 /* Run Script */ = {
			isa = PBXShellScriptBuildPhase;
			buildActionMask = 2147483647;
			files = (
			);
			inputFileListPaths = (
			);
			inputPaths = (
			);
			name = "Run Script";
			outputFileListPaths = (
			);
			outputPaths = (
			);
			runOnlyForDeploymentPostprocessing = 0;
			shellPath = /bin/sh;
			shellScript = "#!/bin/sh\n\n# Homebrew のパスを通す\nexport PATH=\"$PATH:/opt/homebrew/bin\"\n\n# SwiftFormat 実行\nif which swiftformat > /dev/null; then\n  swiftformat .\nelse\n  echo \"warning: SwiftFormat not installed, download from https://github.com/nicklockwood/SwiftFormat\"\nfi\n\n# SwiftLint 実行\nif which swiftlint > /dev/null; then\n  swiftlint \"${SRCROOT}\"\n  swiftlint autocorrect \"${SRCROOT}\"\nelse\n  echo \"warning: SwiftLint not installed, download from https://github.com/realm/SwiftLint\"\nfi\n";
		};
/* End PBXShellScriptBuildPhase section */

/* Begin PBXSourcesBuildPhase section */
		978FAF702DDFF4F6009AD617 /* Sources */ = {
			isa = PBXSourcesBuildPhase;
			buildActionMask = 2147483647;
			files = (
			);
			runOnlyForDeploymentPostprocessing = 0;
		};
		978FAF862DDFF4F9009AD617 /* Sources */ = {
			isa = PBXSourcesBuildPhase;
			buildActionMask = 2147483647;
			files = (
			);
			runOnlyForDeploymentPostprocessing = 0;
		};
		978FAF902DDFF4F9009AD617 /* Sources */ = {
			isa = PBXSourcesBuildPhase;
			buildActionMask = 2147483647;
			files = (
			);
			runOnlyForDeploymentPostprocessing = 0;
		};
/* End PBXSourcesBuildPhase section */

/* Begin PBXTargetDependency section */
		978FAF8C2DDFF4F9009AD617 /* PBXTargetDependency */ = {
			isa = PBXTargetDependency;
			target = 978FAF732DDFF4F6009AD617 /* ProgrammingStart */;
			targetProxy = 978FAF8B2DDFF4F9009AD617 /* PBXContainerItemProxy */;
		};
		978FAF962DDFF4F9009AD617 /* PBXTargetDependency */ = {
			isa = PBXTargetDependency;
			target = 978FAF732DDFF4F6009AD617 /* ProgrammingStart */;
			targetProxy = 978FAF952DDFF4F9009AD617 /* PBXContainerItemProxy */;
		};
/* End PBXTargetDependency section */

/* Begin XCBuildConfiguration section */
		978FAF9E2DDFF4F9009AD617 /* Debug */ = {
			isa = XCBuildConfiguration;
			buildSettings = {
				ASSETCATALOG_COMPILER_APPICON_NAME = AppIcon;
				ASSETCATALOG_COMPILER_GLOBAL_ACCENT_COLOR_NAME = AccentColor;
				CODE_SIGN_STYLE = Automatic;
				CURRENT_PROJECT_VERSION = 1;
				ENABLE_USER_SCRIPT_SANDBOXING = NO;
				GENERATE_INFOPLIST_FILE = YES;
				INFOPLIST_FILE = ProgrammingStart/Info.plist;
				INFOPLIST_KEY_UIApplicationSupportsIndirectInputEvents = YES;
				INFOPLIST_KEY_UILaunchStoryboardName = LaunchScreen;
				INFOPLIST_KEY_UIMainStoryboardFile = Main;
				INFOPLIST_KEY_UISupportedInterfaceOrientations_iPad = "UIInterfaceOrientationPortrait UIInterfaceOrientationPortraitUpsideDown UIInterfaceOrientationLandscapeLeft UIInterfaceOrientationLandscapeRight";
				INFOPLIST_KEY_UISupportedInterfaceOrientations_iPhone = "UIInterfaceOrientationPortrait UIInterfaceOrientationLandscapeLeft UIInterfaceOrientationLandscapeRight";
				LD_RUNPATH_SEARCH_PATHS = (
					"$(inherited)",
					"@executable_path/Frameworks",
				);
				MARKETING_VERSION = 1.0;
				PRODUCT_BUNDLE_IDENTIFIER = com.example.ProgrammingStart;
				PRODUCT_NAME = "$(TARGET_NAME)";
				SWIFT_EMIT_LOC_STRINGS = YES;
				SWIFT_VERSION = 5.0;
				TARGETED_DEVICE_FAMILY = "1,2";
			};
			name = Debug;
		};
		978FAF9F2DDFF4F9009AD617 /* Release */ = {
			isa = XCBuildConfiguration;
			buildSettings = {
				ASSETCATALOG_COMPILER_APPICON_NAME = AppIcon;
				ASSETCATALOG_COMPILER_GLOBAL_ACCENT_COLOR_NAME = AccentColor;
				CODE_SIGN_STYLE = Automatic;
				CURRENT_PROJECT_VERSION = 1;
				ENABLE_USER_SCRIPT_SANDBOXING = NO;
				GENERATE_INFOPLIST_FILE = YES;
				INFOPLIST_FILE = ProgrammingStart/Info.plist;
				INFOPLIST_KEY_UIApplicationSupportsIndirectInputEvents = YES;
				INFOPLIST_KEY_UILaunchStoryboardName = LaunchScreen;
				INFOPLIST_KEY_UIMainStoryboardFile = Main;
				INFOPLIST_KEY_UISupportedInterfaceOrientations_iPad = "UIInterfaceOrientationPortrait UIInterfaceOrientationPortraitUpsideDown UIInterfaceOrientationLandscapeLeft UIInterfaceOrientationLandscapeRight";
				INFOPLIST_KEY_UISupportedInterfaceOrientations_iPhone = "UIInterfaceOrientationPortrait UIInterfaceOrientationLandscapeLeft UIInterfaceOrientationLandscapeRight";
				LD_RUNPATH_SEARCH_PATHS = (
					"$(inherited)",
					"@executable_path/Frameworks",
				);
				MARKETING_VERSION = 1.0;
				PRODUCT_BUNDLE_IDENTIFIER = com.example.ProgrammingStart;
				PRODUCT_NAME = "$(TARGET_NAME)";
				SWIFT_EMIT_LOC_STRINGS = YES;
				SWIFT_VERSION = 5.0;
				TARGETED_DEVICE_FAMILY = "1,2";
			};
			name = Release;
		};
		978FAFA02DDFF4F9009AD617 /* Debug */ = {
			isa = XCBuildConfiguration;
			buildSettings = {
				ALWAYS_SEARCH_USER_PATHS = NO;
				ASSETCATALOG_COMPILER_GENERATE_SWIFT_ASSET_SYMBOL_EXTENSIONS = YES;
				CLANG_ANALYZER_NONNULL = YES;
				CLANG_ANALYZER_NUMBER_OBJECT_CONVERSION = YES_AGGRESSIVE;
				CLANG_CXX_LANGUAGE_STANDARD = "gnu++20";
				CLANG_ENABLE_MODULES = YES;
				CLANG_ENABLE_OBJC_ARC = YES;
				CLANG_ENABLE_OBJC_WEAK = YES;
				CLANG_WARN_BLOCK_CAPTURE_AUTORELEASING = YES;
				CLANG_WARN_BOOL_CONVERSION = YES;
				CLANG_WARN_COMMA = YES;
				CLANG_WARN_CONSTANT_CONVERSION = YES;
				CLANG_WARN_DEPRECATED_OBJC_IMPLEMENTATIONS = YES;
				CLANG_WARN_DIRECT_OBJC_ISA_USAGE = YES_ERROR;
				CLANG_WARN_DOCUMENTATION_COMMENTS = YES;
				CLANG_WARN_EMPTY_BODY = YES;
				CLANG_WARN_ENUM_CONVERSION = YES;
				CLANG_WARN_INFINITE_RECURSION = YES;
				CLANG_WARN_INT_CONVERSION = YES;
				CLANG_WARN_NON_LITERAL_NULL_CONVERSION = YES;
				CLANG_WARN_OBJC_IMPLICIT_RETAIN_SELF = YES;
				CLANG_WARN_OBJC_LITERAL_CONVERSION = YES;
				CLANG_WARN_OBJC_ROOT_CLASS = YES_ERROR;
				CLANG_WARN_QUOTED_INCLUDE_IN_FRAMEWORK_HEADER = YES;
				CLANG_WARN_RANGE_LOOP_ANALYSIS = YES;
				CLANG_WARN_STRICT_PROTOTYPES = YES;
				CLANG_WARN_SUSPICIOUS_MOVE = YES;
				CLANG_WARN_UNGUARDED_AVAILABILITY = YES_AGGRESSIVE;
				CLANG_WARN_UNREACHABLE_CODE = YES;
				CLANG_WARN__DUPLICATE_METHOD_MATCH = YES;
				COPY_PHASE_STRIP = NO;
				DEBUG_INFORMATION_FORMAT = dwarf;
				ENABLE_STRICT_OBJC_MSGSEND = YES;
				ENABLE_TESTABILITY = YES;
				ENABLE_USER_SCRIPT_SANDBOXING = YES;
				GCC_C_LANGUAGE_STANDARD = gnu17;
				GCC_DYNAMIC_NO_PIC = NO;
				GCC_NO_COMMON_BLOCKS = YES;
				GCC_OPTIMIZATION_LEVEL = 0;
				GCC_PREPROCESSOR_DEFINITIONS = (
					"DEBUG=1",
					"$(inherited)",
				);
				GCC_WARN_64_TO_32_BIT_CONVERSION = YES;
				GCC_WARN_ABOUT_RETURN_TYPE = YES_ERROR;
				GCC_WARN_UNDECLARED_SELECTOR = YES;
				GCC_WARN_UNINITIALIZED_AUTOS = YES_AGGRESSIVE;
				GCC_WARN_UNUSED_FUNCTION = YES;
				GCC_WARN_UNUSED_VARIABLE = YES;
				IPHONEOS_DEPLOYMENT_TARGET = 18.2;
				LOCALIZATION_PREFERS_STRING_CATALOGS = YES;
				MTL_ENABLE_DEBUG_INFO = INCLUDE_SOURCE;
				MTL_FAST_MATH = YES;
				ONLY_ACTIVE_ARCH = YES;
				SDKROOT = iphoneos;
				SWIFT_ACTIVE_COMPILATION_CONDITIONS = "DEBUG $(inherited)";
				SWIFT_OPTIMIZATION_LEVEL = "-Onone";
			};
			name = Debug;
		};
		978FAFA12DDFF4F9009AD617 /* Release */ = {
			isa = XCBuildConfiguration;
			buildSettings = {
				ALWAYS_SEARCH_USER_PATHS = NO;
				ASSETCATALOG_COMPILER_GENERATE_SWIFT_ASSET_SYMBOL_EXTENSIONS = YES;
				CLANG_ANALYZER_NONNULL = YES;
				CLANG_ANALYZER_NUMBER_OBJECT_CONVERSION = YES_AGGRESSIVE;
				CLANG_CXX_LANGUAGE_STANDARD = "gnu++20";
				CLANG_ENABLE_MODULES = YES;
				CLANG_ENABLE_OBJC_ARC = YES;
				CLANG_ENABLE_OBJC_WEAK = YES;
				CLANG_WARN_BLOCK_CAPTURE_AUTORELEASING = YES;
				CLANG_WARN_BOOL_CONVERSION = YES;
				CLANG_WARN_COMMA = YES;
				CLANG_WARN_CONSTANT_CONVERSION = YES;
				CLANG_WARN_DEPRECATED_OBJC_IMPLEMENTATIONS = YES;
				CLANG_WARN_DIRECT_OBJC_ISA_USAGE = YES_ERROR;
				CLANG_WARN_DOCUMENTATION_COMMENTS = YES;
				CLANG_WARN_EMPTY_BODY = YES;
				CLANG_WARN_ENUM_CONVERSION = YES;
				CLANG_WARN_INFINITE_RECURSION = YES;
				CLANG_WARN_INT_CONVERSION = YES;
				CLANG_WARN_NON_LITERAL_NULL_CONVERSION = YES;
				CLANG_WARN_OBJC_IMPLICIT_RETAIN_SELF = YES;
				CLANG_WARN_OBJC_LITERAL_CONVERSION = YES;
				CLANG_WARN_OBJC_ROOT_CLASS = YES_ERROR;
				CLANG_WARN_QUOTED_INCLUDE_IN_FRAMEWORK_HEADER = YES;
				CLANG_WARN_RANGE_LOOP_ANALYSIS = YES;
				CLANG_WARN_STRICT_PROTOTYPES = YES;
				CLANG_WARN_SUSPICIOUS_MOVE = YES;
				CLANG_WARN_UNGUARDED_AVAILABILITY = YES_AGGRESSIVE;
				CLANG_WARN_UNREACHABLE_CODE = YES;
				CLANG_WARN__DUPLICATE_METHOD_MATCH = YES;
				COPY_PHASE_STRIP = NO;
				DEBUG_INFORMATION_FORMAT = "dwarf-with-dsym";
				ENABLE_NS_ASSERTIONS = NO;
				ENABLE_STRICT_OBJC_MSGSEND = YES;
				ENABLE_USER_SCRIPT_SANDBOXING = YES;
				GCC_C_LANGUAGE_STANDARD = gnu17;
				GCC_NO_COMMON_BLOCKS = YES;
				GCC_WARN_64_TO_32_BIT_CONVERSION = YES;
				GCC_WARN_ABOUT_RETURN_TYPE = YES_ERROR;
				GCC_WARN_UNDECLARED_SELECTOR = YES;
				GCC_WARN_UNINITIALIZED_AUTOS = YES_AGGRESSIVE;
				GCC_WARN_UNUSED_FUNCTION = YES;
				GCC_WARN_UNUSED_VARIABLE = YES;
				IPHONEOS_DEPLOYMENT_TARGET = 18.2;
				LOCALIZATION_PREFERS_STRING_CATALOGS = YES;
				MTL_ENABLE_DEBUG_INFO = NO;
				MTL_FAST_MATH = YES;
				SDKROOT = iphoneos;
				SWIFT_COMPILATION_MODE = wholemodule;
				VALIDATE_PRODUCT = YES;
			};
			name = Release;
		};
		978FAFA32DDFF4F9009AD617 /* Debug */ = {
			isa = XCBuildConfiguration;
			buildSettings = {
				BUNDLE_LOADER = "$(TEST_HOST)";
				CODE_SIGN_STYLE = Automatic;
				CURRENT_PROJECT_VERSION = 1;
				GENERATE_INFOPLIST_FILE = YES;
				IPHONEOS_DEPLOYMENT_TARGET = 18.2;
				MARKETING_VERSION = 1.0;
				PRODUCT_BUNDLE_IDENTIFIER = com.example.ProgrammingStartTests;
				PRODUCT_NAME = "$(TARGET_NAME)";
				SWIFT_EMIT_LOC_STRINGS = NO;
				SWIFT_VERSION = 5.0;
				TARGETED_DEVICE_FAMILY = "1,2";
				TEST_HOST = "$(BUILT_PRODUCTS_DIR)/ProgrammingStart.app/$(BUNDLE_EXECUTABLE_FOLDER_PATH)/ProgrammingStart";
			};
			name = Debug;
		};
		978FAFA42DDFF4F9009AD617 /* Release */ = {
			isa = XCBuildConfiguration;
			buildSettings = {
				BUNDLE_LOADER = "$(TEST_HOST)";
				CODE_SIGN_STYLE = Automatic;
				CURRENT_PROJECT_VERSION = 1;
				GENERATE_INFOPLIST_FILE = YES;
				IPHONEOS_DEPLOYMENT_TARGET = 18.2;
				MARKETING_VERSION = 1.0;
				PRODUCT_BUNDLE_IDENTIFIER = com.example.ProgrammingStartTests;
				PRODUCT_NAME = "$(TARGET_NAME)";
				SWIFT_EMIT_LOC_STRINGS = NO;
				SWIFT_VERSION = 5.0;
				TARGETED_DEVICE_FAMILY = "1,2";
				TEST_HOST = "$(BUILT_PRODUCTS_DIR)/ProgrammingStart.app/$(BUNDLE_EXECUTABLE_FOLDER_PATH)/ProgrammingStart";
			};
			name = Release;
		};
		978FAFA62DDFF4F9009AD617 /* Debug */ = {
			isa = XCBuildConfiguration;
			buildSettings = {
				CODE_SIGN_STYLE = Automatic;
				CURRENT_PROJECT_VERSION = 1;
				GENERATE_INFOPLIST_FILE = YES;
				MARKETING_VERSION = 1.0;
				PRODUCT_BUNDLE_IDENTIFIER = com.example.ProgrammingStartUITests;
				PRODUCT_NAME = "$(TARGET_NAME)";
				SWIFT_EMIT_LOC_STRINGS = NO;
				SWIFT_VERSION = 5.0;
				TARGETED_DEVICE_FAMILY = "1,2";
				TEST_TARGET_NAME = ProgrammingStart;
			};
			name = Debug;
		};
		978FAFA72DDFF4F9009AD617 /* Release */ = {
			isa = XCBuildConfiguration;
			buildSettings = {
				CODE_SIGN_STYLE = Automatic;
				CURRENT_PROJECT_VERSION = 1;
				GENERATE_INFOPLIST_FILE = YES;
				MARKETING_VERSION = 1.0;
				PRODUCT_BUNDLE_IDENTIFIER = com.example.ProgrammingStartUITests;
				PRODUCT_NAME = "$(TARGET_NAME)";
				SWIFT_EMIT_LOC_STRINGS = NO;
				SWIFT_VERSION = 5.0;
				TARGETED_DEVICE_FAMILY = "1,2";
				TEST_TARGET_NAME = ProgrammingStart;
			};
			name = Release;
		};
/* End XCBuildConfiguration section */

/* Begin XCConfigurationList section */
		978FAF6F2DDFF4F6009AD617 /* Build configuration list for PBXProject "ProgrammingStart" */ = {
			isa = XCConfigurationList;
			buildConfigurations = (
				978FAFA02DDFF4F9009AD617 /* Debug */,
				978FAFA12DDFF4F9009AD617 /* Release */,
			);
			defaultConfigurationIsVisible = 0;
			defaultConfigurationName = Release;
		};
		978FAF9D2DDFF4F9009AD617 /* Build configuration list for PBXNativeTarget "ProgrammingStart" */ = {
			isa = XCConfigurationList;
			buildConfigurations = (
				978FAF9E2DDFF4F9009AD617 /* Debug */,
				978FAF9F2DDFF4F9009AD617 /* Release */,
			);
			defaultConfigurationIsVisible = 0;
			defaultConfigurationName = Release;
		};
		978FAFA22DDFF4F9009AD617 /* Build configuration list for PBXNativeTarget "ProgrammingStartTests" */ = {
			isa = XCConfigurationList;
			buildConfigurations = (
				978FAFA32DDFF4F9009AD617 /* Debug */,
				978FAFA42DDFF4F9009AD617 /* Release */,
			);
			defaultConfigurationIsVisible = 0;
			defaultConfigurationName = Release;
		};
		978FAFA52DDFF4F9009AD617 /* Build configuration list for PBXNativeTarget "ProgrammingStartUITests" */ = {
			isa = XCConfigurationList;
			buildConfigurations = (
				978FAFA62DDFF4F9009AD617 /* Debug */,
				978FAFA72DDFF4F9009AD617 /* Release */,
			);
			defaultConfigurationIsVisible = 0;
			defaultConfigurationName = Release;
		};
/* End XCConfigurationList section */
	};
	rootObject = 978FAF6C2DDFF4F6009AD617 /* Project object */;
}
